
Microsoft Visual Studio Solution File, Format Version 12.00
# Visual Studio Version 17
VisualStudioVersion = 17.14.36301.6 d17.14
MinimumVisualStudioVersion = 10.0.40219.1
Project("{FAE04EC0-301F-11D3-BF4B-00C04F79EFBC}") = "LatihanMethod2", "LatihanMethod2\LatihanMethod2.csproj", "{EFE711CA-D305-4E85-B60C-F23168E4823C}"
EndProject
Global
	GlobalSection(SolutionConfigurationPlatforms) = preSolution
		Debug|Any CPU = Debug|Any CPU
		Release|Any CPU = Release|Any CPU
	EndGlobalSection
	GlobalSection(ProjectConfigurationPlatforms) = postSolution
		{EFE711CA-D305-4E85-B60C-F23168E4823C}.Debug|Any CPU.ActiveCfg = Debug|Any CPU
		{EFE711CA-D305-4E85-B60C-F23168E4823C}.Debug|Any CPU.Build.0 = Debug|Any CPU
		{EFE711CA-D305-4E85-B60C-F23168E4823C}.Release|Any CPU.ActiveCfg = Release|Any CPU
		{EFE711CA-D305-4E85-B60C-F23168E4823C}.Release|Any CPU.Build.0 = Release|Any CPU
	EndGlobalSection
	GlobalSection(SolutionProperties) = preSolution
		HideSolutionNode = FALSE
	EndGlobalSection
	GlobalSection(ExtensibilityGlobals) = postSolution
		SolutionGuid = {32AA9416-6726-401A-B8D9-15A3A0EF5133}
	EndGlobalSection
EndGlobal
